// !$*UTF8*$!
{
	archiveVersion = 1;
	classes = {
	};
	objectVersion = 56;
	objects = {

/* Begin PBXBuildFile section */
		24CBFC40297F13C300DCC73B /* .gitignore in Resources */ = {isa = PBXBuildFile; fileRef = 24CBFC3F297F13C300DCC73B /* .gitignore */; };
		24CBFC422981425100DCC73B /* DetailVC.swift in Sources */ = {isa = PBXBuildFile; fileRef = 24CBFC412981425100DCC73B /* DetailVC.swift */; };
		24D338E7297AC5A6001BA7EC /* AppDelegate.swift in Sources */ = {isa = PBXBuildFile; fileRef = 24D338E6297AC5A6001BA7EC /* AppDelegate.swift */; };
		24D338E9297AC5A6001BA7EC /* SceneDelegate.swift in Sources */ = {isa = PBXBuildFile; fileRef = 24D338E8297AC5A6001BA7EC /* SceneDelegate.swift */; };
		24D338EE297AC5A6001BA7EC /* Main.storyboard in Resources */ = {isa = PBXBuildFile; fileRef = 24D338EC297AC5A6001BA7EC /* Main.storyboard */; };
		24D338F0297AC5A9001BA7EC /* Assets.xcassets in Resources */ = {isa = PBXBuildFile; fileRef = 24D338EF297AC5A9001BA7EC /* Assets.xcassets */; };
		24D338F3297AC5A9001BA7EC /* LaunchScreen.storyboard in Resources */ = {isa = PBXBuildFile; fileRef = 24D338F1297AC5A9001BA7EC /* LaunchScreen.storyboard */; };
		24D338FB297ADD7F001BA7EC /* TrackList.swift in Sources */ = {isa = PBXBuildFile; fileRef = 24D338FA297ADD7F001BA7EC /* TrackList.swift */; };
/* End PBXBuildFile section */

/* Begin PBXFileReference section */
		24CBFC3F297F13C300DCC73B /* .gitignore */ = {isa = PBXFileReference; lastKnownFileType = text; path = .gitignore; sourceTree = "<group>"; };
		24CBFC412981425100DCC73B /* DetailVC.swift */ = {isa = PBXFileReference; lastKnownFileType = sourcecode.swift; path = DetailVC.swift; sourceTree = "<group>"; };
		24D338E3297AC5A6001BA7EC /* ImmigrationHadbook2.app */ = {isa = PBXFileReference; explicitFileType = wrapper.application; includeInIndex = 0; path = ImmigrationHadbook2.app; sourceTree = BUILT_PRODUCTS_DIR; };
		24D338E6297AC5A6001BA7EC /* AppDelegate.swift */ = {isa = PBXFileReference; lastKnownFileType = sourcecode.swift; path = AppDelegate.swift; sourceTree = "<group>"; };
		24D338E8297AC5A6001BA7EC /* SceneDelegate.swift */ = {isa = PBXFileReference; lastKnownFileType = sourcecode.swift; path = SceneDelegate.swift; sourceTree = "<group>"; };
		24D338ED297AC5A6001BA7EC /* Base */ = {isa = PBXFileReference; lastKnownFileType = file.storyboard; name = Base; path = Base.lproj/Main.storyboard; sourceTree = "<group>"; };
		24D338EF297AC5A9001BA7EC /* Assets.xcassets */ = {isa = PBXFileReference; lastKnownFileType = folder.assetcatalog; path = Assets.xcassets; sourceTree = "<group>"; };
		24D338F2297AC5A9001BA7EC /* Base */ = {isa = PBXFileReference; lastKnownFileType = file.storyboard; name = Base; path = Base.lproj/LaunchScreen.storyboard; sourceTree = "<group>"; };
		24D338F4297AC5A9001BA7EC /* Info.plist */ = {isa = PBXFileReference; lastKnownFileType = text.plist.xml; path = Info.plist; sourceTree = "<group>"; };
		24D338FA297ADD7F001BA7EC /* TrackList.swift */ = {isa = PBXFileReference; lastKnownFileType = sourcecode.swift; path = TrackList.swift; sourceTree = "<group>"; };
/* End PBXFileReference section */

/* Begin PBXFrameworksBuildPhase section */
		24D338E0297AC5A6001BA7EC /* Frameworks */ = {
			isa = PBXFrameworksBuildPhase;
			buildActionMask = 2147483647;
			files = (
			);
			runOnlyForDeploymentPostprocessing = 0;
		};
/* End PBXFrameworksBuildPhase section */

/* Begin PBXGroup section */
		24D338DA297AC5A6001BA7EC = {
			isa = PBXGroup;
			children = (
				24CBFC3F297F13C300DCC73B /* .gitignore */,
				24D338E5297AC5A6001BA7EC /* ImmigrationHadbook2 */,
				24D338E4297AC5A6001BA7EC /* Products */,
			);
			sourceTree = "<group>";
		};
		24D338E4297AC5A6001BA7EC /* Products */ = {
			isa = PBXGroup;
			children = (
				24D338E3297AC5A6001BA7EC /* ImmigrationHadbook2.app */,
			);
			name = Products;
			sourceTree = "<group>";
		};
		24D338E5297AC5A6001BA7EC /* ImmigrationHadbook2 */ = {
			isa = PBXGroup;
			children = (
				24D338E6297AC5A6001BA7EC /* AppDelegate.swift */,
				24D338E8297AC5A6001BA7EC /* SceneDelegate.swift */,
				24CBFC412981425100DCC73B /* DetailVC.swift */,
				24D338FA297ADD7F001BA7EC /* TrackList.swift */,
				24D338EC297AC5A6001BA7EC /* Main.storyboard */,
				24D338EF297AC5A9001BA7EC /* Assets.xcassets */,
				24D338F1297AC5A9001BA7EC /* LaunchScreen.storyboard */,
				24D338F4297AC5A9001BA7EC /* Info.plist */,
			);
			path = ImmigrationHadbook2;
			sourceTree = "<group>";
		};
/* End PBXGroup section */

/* Begin PBXNativeTarget section */
		24D338E2297AC5A6001BA7EC /* ImmigrationHadbook2 */ = {
			isa = PBXNativeTarget;
			buildConfigurationList = 24D338F7297AC5A9001BA7EC /* Build configuration list for PBXNativeTarget "ImmigrationHadbook2" */;
			buildPhases = (
				24D338DF297AC5A6001BA7EC /* Sources */,
				24D338E0297AC5A6001BA7EC /* Frameworks */,
				24D338E1297AC5A6001BA7EC /* Resources */,
			);
			buildRules = (
			);
			dependencies = (
			);
			name = ImmigrationHadbook2;
			productName = ImmigrationHadbook2;
			productReference = 24D338E3297AC5A6001BA7EC /* ImmigrationHadbook2.app */;
			productType = "com.apple.product-type.application";
		};
/* End PBXNativeTarget section */

/* Begin PBXProject section */
		24D338DB297AC5A6001BA7EC /* Project object */ = {
			isa = PBXProject;
			attributes = {
				BuildIndependentTargetsInParallel = 1;
				LastSwiftUpdateCheck = 1420;
				LastUpgradeCheck = 1420;
				TargetAttributes = {
					24D338E2297AC5A6001BA7EC = {
						CreatedOnToolsVersion = 14.2;
					};
				};
			};
			buildConfigurationList = 24D338DE297AC5A6001BA7EC /* Build configuration list for PBXProject "ImmigrationHadbook2" */;
			compatibilityVersion = "Xcode 14.0";
			developmentRegion = en;
			hasScannedForEncodings = 0;
			knownRegions = (
				en,
				Base,
			);
			mainGroup = 24D338DA297AC5A6001BA7EC;
			productRefGroup = 24D338E4297AC5A6001BA7EC /* Products */;
			projectDirPath = "";
			projectRoot = "";
			targets = (
				24D338E2297AC5A6001BA7EC /* ImmigrationHadbook2 */,
			);
		};
/* End PBXProject section */

/* Begin PBXResourcesBuildPhase section */
		24D338E1297AC5A6001BA7EC /* Resources */ = {
			isa = PBXResourcesBuildPhase;
			buildActionMask = 2147483647;
			files = (
				24CBFC40297F13C300DCC73B /* .gitignore in Resources */,
				24D338F3297AC5A9001BA7EC /* LaunchScreen.storyboard in Resources */,
				24D338F0297AC5A9001BA7EC /* Assets.xcassets in Resources */,
				24D338EE297AC5A6001BA7EC /* Main.storyboard in Resources */,
			);
			runOnlyForDeploymentPostprocessing = 0;
		};
/* End PBXResourcesBuildPhase section */

/* Begin PBXSourcesBuildPhase section */
		24D338DF297AC5A6001BA7EC /* Sources */ = {
			isa = PBXSourcesBuildPhase;
			buildActionMask = 2147483647;
			files = (
				24D338FB297ADD7F001BA7EC /* TrackList.swift in Sources */,
				24CBFC422981425100DCC73B /* DetailVC.swift in Sources */,
				24D338E7297AC5A6001BA7EC /* AppDelegate.swift in Sources */,
				24D338E9297AC5A6001BA7EC /* SceneDelegate.swift in Sources */,
			);
			runOnlyForDeploymentPostprocessing = 0;
		};
/* End PBXSourcesBuildPhase section */

/* Begin PBXVariantGroup section */
		24D338EC297AC5A6001BA7EC /* Main.storyboard */ = {
			isa = PBXVariantGroup;
			children = (
				24D338ED297AC5A6001BA7EC /* Base */,
			);
			name = Main.storyboard;
			sourceTree = "<group>";
		};
		24D338F1297AC5A9001BA7EC /* LaunchScreen.storyboard */ = {
			isa = PBXVariantGroup;
			children = (
				24D338F2297AC5A9001BA7EC /* Base */,
			);
			name = LaunchScreen.storyboard;
			sourceTree = "<group>";
		};
/* End PBXVariantGroup section */

/* Begin XCBuildConfiguration section */
		24D338F5297AC5A9001BA7EC /* Debug */ = {
			isa = XCBuildConfiguration;
			buildSettings = {
				ALWAYS_SEARCH_USER_PATHS = NO;
				CLANG_ANALYZER_NONNULL = YES;
				CLANG_ANALYZER_NUMBER_OBJECT_CONVERSION = YES_AGGRESSIVE;
				CLANG_CXX_LANGUAGE_STANDARD = "gnu++20";
				CLANG_ENABLE_MODULES = YES;
				CLANG_ENABLE_OBJC_ARC = YES;
				CLANG_ENABLE_OBJC_WEAK = YES;
				CLANG_WARN_BLOCK_CAPTURE_AUTORELEASING = YES;
				CLANG_WARN_BOOL_CONVERSION = YES;
				CLANG_WARN_COMMA = YES;
				CLANG_WARN_CONSTANT_CONVERSION = YES;
				CLANG_WARN_DEPRECATED_OBJC_IMPLEMENTATIONS = YES;
				CLANG_WARN_DIRECT_OBJC_ISA_USAGE = YES_ERROR;
				CLANG_WARN_DOCUMENTATION_COMMENTS = YES;
				CLANG_WARN_EMPTY_BODY = YES;
				CLANG_WARN_ENUM_CONVERSION = YES;
				CLANG_WARN_INFINITE_RECURSION = YES;
				CLANG_WARN_INT_CONVERSION = YES;
				CLANG_WARN_NON_LITERAL_NULL_CONVERSION = YES;
				CLANG_WARN_OBJC_IMPLICIT_RETAIN_SELF = YES;
				CLANG_WARN_OBJC_LITERAL_CONVERSION = YES;
				CLANG_WARN_OBJC_ROOT_CLASS = YES_ERROR;
				CLANG_WARN_QUOTED_INCLUDE_IN_FRAMEWORK_HEADER = YES;
				CLANG_WARN_RANGE_LOOP_ANALYSIS = YES;
				CLANG_WARN_STRICT_PROTOTYPES = YES;
				CLANG_WARN_SUSPICIOUS_MOVE = YES;
				CLANG_WARN_UNGUARDED_AVAILABILITY = YES_AGGRESSIVE;
				CLANG_WARN_UNREACHABLE_CODE = YES;
				CLANG_WARN__DUPLICATE_METHOD_MATCH = YES;
				COPY_PHASE_STRIP = NO;
				DEBUG_INFORMATION_FORMAT = dwarf;
				ENABLE_STRICT_OBJC_MSGSEND = YES;
				ENABLE_TESTABILITY = YES;
				GCC_C_LANGUAGE_STANDARD = gnu11;
				GCC_DYNAMIC_NO_PIC = NO;
				GCC_NO_COMMON_BLOCKS = YES;
				GCC_OPTIMIZATION_LEVEL = 0;
				GCC_PREPROCESSOR_DEFINITIONS = (
					"DEBUG=1",
					"$(inherited)",
				);
				GCC_WARN_64_TO_32_BIT_CONVERSION = YES;
				GCC_WARN_ABOUT_RETURN_TYPE = YES_ERROR;
				GCC_WARN_UNDECLARED_SELECTOR = YES;
				GCC_WARN_UNINITIALIZED_AUTOS = YES_AGGRESSIVE;
				GCC_WARN_UNUSED_FUNCTION = YES;
				GCC_WARN_UNUSED_VARIABLE = YES;
				IPHONEOS_DEPLOYMENT_TARGET = 16.2;
				MTL_ENABLE_DEBUG_INFO = INCLUDE_SOURCE;
				MTL_FAST_MATH = YES;
				ONLY_ACTIVE_ARCH = YES;
				SDKROOT = iphoneos;
				SWIFT_ACTIVE_COMPILATION_CONDITIONS = DEBUG;
				SWIFT_OPTIMIZATION_LEVEL = "-Onone";
			};
			name = Debug;
		};
		24D338F6297AC5A9001BA7EC /* Release */ = {
			isa = XCBuildConfiguration;
			buildSettings = {
				ALWAYS_SEARCH_USER_PATHS = NO;
				CLANG_ANALYZER_NONNULL = YES;
				CLANG_ANALYZER_NUMBER_OBJECT_CONVERSION = YES_AGGRESSIVE;
				CLANG_CXX_LANGUAGE_STANDARD = "gnu++20";
				CLANG_ENABLE_MODULES = YES;
				CLANG_ENABLE_OBJC_ARC = YES;
				CLANG_ENABLE_OBJC_WEAK = YES;
				CLANG_WARN_BLOCK_CAPTURE_AUTORELEASING = YES;
				CLANG_WARN_BOOL_CONVERSION = YES;
				CLANG_WARN_COMMA = YES;
				CLANG_WARN_CONSTANT_CONVERSION = YES;
				CLANG_WARN_DEPRECATED_OBJC_IMPLEMENTATIONS = YES;
				CLANG_WARN_DIRECT_OBJC_ISA_USAGE = YES_ERROR;
				CLANG_WARN_DOCUMENTATION_COMMENTS = YES;
				CLANG_WARN_EMPTY_BODY = YES;
				CLANG_WARN_ENUM_CONVERSION = YES;
				CLANG_WARN_INFINITE_RECURSION = YES;
				CLANG_WARN_INT_CONVERSION = YES;
				CLANG_WARN_NON_LITERAL_NULL_CONVERSION = YES;
				CLANG_WARN_OBJC_IMPLICIT_RETAIN_SELF = YES;
				CLANG_WARN_OBJC_LITERAL_CONVERSION = YES;
				CLANG_WARN_OBJC_ROOT_CLASS = YES_ERROR;
				CLANG_WARN_QUOTED_INCLUDE_IN_FRAMEWORK_HEADER = YES;
				CLANG_WARN_RANGE_LOOP_ANALYSIS = YES;
				CLANG_WARN_STRICT_PROTOTYPES = YES;
				CLANG_WARN_SUSPICIOUS_MOVE = YES;
				CLANG_WARN_UNGUARDED_AVAILABILITY = YES_AGGRESSIVE;
				CLANG_WARN_UNREACHABLE_CODE = YES;
				CLANG_WARN__DUPLICATE_METHOD_MATCH = YES;
				COPY_PHASE_STRIP = NO;
				DEBUG_INFORMATION_FORMAT = "dwarf-with-dsym";
				ENABLE_NS_ASSERTIONS = NO;
				ENABLE_STRICT_OBJC_MSGSEND = YES;
				GCC_C_LANGUAGE_STANDARD = gnu11;
				GCC_NO_COMMON_BLOCKS = YES;
				GCC_WARN_64_TO_32_BIT_CONVERSION = YES;
				GCC_WARN_ABOUT_RETURN_TYPE = YES_ERROR;
				GCC_WARN_UNDECLARED_SELECTOR = YES;
				GCC_WARN_UNINITIALIZED_AUTOS = YES_AGGRESSIVE;
				GCC_WARN_UNUSED_FUNCTION = YES;
				GCC_WARN_UNUSED_VARIABLE = YES;
				IPHONEOS_DEPLOYMENT_TARGET = 16.2;
				MTL_ENABLE_DEBUG_INFO = NO;
				MTL_FAST_MATH = YES;
				SDKROOT = iphoneos;
				SWIFT_COMPILATION_MODE = wholemodule;
				SWIFT_OPTIMIZATION_LEVEL = "-O";
				VALIDATE_PRODUCT = YES;
			};
			name = Release;
		};
		24D338F8297AC5A9001BA7EC /* Debug */ = {
			isa = XCBuildConfiguration;
			buildSettings = {
				ASSETCATALOG_COMPILER_APPICON_NAME = AppIcon;
				ASSETCATALOG_COMPILER_GLOBAL_ACCENT_COLOR_NAME = AccentColor;
				CODE_SIGN_STYLE = Automatic;
				CURRENT_PROJECT_VERSION = 1;
				DEVELOPMENT_TEAM = 356FG9ZP7Q;
				GENERATE_INFOPLIST_FILE = YES;
				INFOPLIST_FILE = ImmigrationHadbook2/Info.plist;
				INFOPLIST_KEY_UIApplicationSupportsIndirectInputEvents = YES;
				INFOPLIST_KEY_UILaunchStoryboardName = LaunchScreen;
				INFOPLIST_KEY_UIMainStoryboardFile = Main;
				INFOPLIST_KEY_UISupportedInterfaceOrientations_iPad = "UIInterfaceOrientationPortrait UIInterfaceOrientationPortraitUpsideDown UIInterfaceOrientationLandscapeLeft UIInterfaceOrientationLandscapeRight";
				INFOPLIST_KEY_UISupportedInterfaceOrientations_iPhone = "UIInterfaceOrientationPortrait UIInterfaceOrientationLandscapeLeft UIInterfaceOrientationLandscapeRight";
				LD_RUNPATH_SEARCH_PATHS = (
					"$(inherited)",
					"@executable_path/Frameworks",
				);
				MARKETING_VERSION = 1.0;
				PRODUCT_BUNDLE_IDENTIFIER = "-.ImmigrationHadbook2";
				PRODUCT_NAME = "$(TARGET_NAME)";
				SUPPORTED_PLATFORMS = "iphoneos iphonesimulator";
				SUPPORTS_MACCATALYST = NO;
				SUPPORTS_MAC_DESIGNED_FOR_IPHONE_IPAD = NO;
				SWIFT_EMIT_LOC_STRINGS = YES;
				SWIFT_VERSION = 5.0;
				TARGETED_DEVICE_FAMILY = 1;
			};
			name = Debug;
		};
		24D338F9297AC5A9001BA7EC /* Release */ = {
			isa = XCBuildConfiguration;
			buildSettings = {
				ASSETCATALOG_COMPILER_APPICON_NAME = AppIcon;
				ASSETCATALOG_COMPILER_GLOBAL_ACCENT_COLOR_NAME = AccentColor;
				CODE_SIGN_STYLE = Automatic;
				CURRENT_PROJECT_VERSION = 1;
				DEVELOPMENT_TEAM = 356FG9ZP7Q;
				GENERATE_INFOPLIST_FILE = YES;
				INFOPLIST_FILE = ImmigrationHadbook2/Info.plist;
				INFOPLIST_KEY_UIApplicationSupportsIndirectInputEvents = YES;
				INFOPLIST_KEY_UILaunchStoryboardName = LaunchScreen;
				INFOPLIST_KEY_UIMainStoryboardFile = Main;
				INFOPLIST_KEY_UISupportedInterfaceOrientations_iPad = "UIInterfaceOrientationPortrait UIInterfaceOrientationPortraitUpsideDown UIInterfaceOrientationLandscapeLeft UIInterfaceOrientationLandscapeRight";
				INFOPLIST_KEY_UISupportedInterfaceOrientations_iPhone = "UIInterfaceOrientationPortrait UIInterfaceOrientationLandscapeLeft UIInterfaceOrientationLandscapeRight";
				LD_RUNPATH_SEARCH_PATHS = (
					"$(inherited)",
					"@executable_path/Frameworks",
				);
				MARKETING_VERSION = 1.0;
				PRODUCT_BUNDLE_IDENTIFIER = "-.ImmigrationHadbook2";
				PRODUCT_NAME = "$(TARGET_NAME)";
				SUPPORTED_PLATFORMS = "iphoneos iphonesimulator";
				SUPPORTS_MACCATALYST = NO;
				SUPPORTS_MAC_DESIGNED_FOR_IPHONE_IPAD = NO;
				SWIFT_EMIT_LOC_STRINGS = YES;
				SWIFT_VERSION = 5.0;
				TARGETED_DEVICE_FAMILY = 1;
			};
			name = Release;
		};
/* End XCBuildConfiguration section */

/* Begin XCConfigurationList section */
		24D338DE297AC5A6001BA7EC /* Build configuration list for PBXProject "ImmigrationHadbook2" */ = {
			isa = XCConfigurationList;
			buildConfigurations = (
				24D338F5297AC5A9001BA7EC /* Debug */,
				24D338F6297AC5A9001BA7EC /* Release */,
			);
			defaultConfigurationIsVisible = 0;
			defaultConfigurationName = Release;
		};
		24D338F7297AC5A9001BA7EC /* Build configuration list for PBXNativeTarget "ImmigrationHadbook2" */ = {
			isa = XCConfigurationList;
			buildConfigurations = (
				24D338F8297AC5A9001BA7EC /* Debug */,
				24D338F9297AC5A9001BA7EC /* Release */,
			);
			defaultConfigurationIsVisible = 0;
			defaultConfigurationName = Release;
		};
/* End XCConfigurationList section */
	};
	rootObject = 24D338DB297AC5A6001BA7EC /* Project object */;
}
